
Microsoft Visual Studio Solution File, Format Version 12.00
# Visual Studio Version 16
VisualStudioVersion = 16.0.31105.61
MinimumVisualStudioVersion = 10.0.40219.1
Project("{9A19103F-16F7-4668-BE54-9A1E7A4F7556}") = "OdCzerwca", "OdCzerwca.csproj", "{2AE71C3B-9519-4BEB-9817-B4D6331928CB}"
EndProject
Project("{9A19103F-16F7-4668-BE54-9A1E7A4F7556}") = "Exercises", "..\Exercises\Exercises.csproj", "{A50A13C6-E685-4EB3-A0BA-E303BD172B74}"
EndProject
Project("{FAE04EC0-301F-11D3-BF4B-00C04F79EFBC}") = "Tests", "..\Tests\Tests.csproj", "{AF1285F5-9F68-4D8B-8539-4E41171EEA38}"
EndProject
Global
	GlobalSection(SolutionConfigurationPlatforms) = preSolution
		Debug|Any CPU = Debug|Any CPU
		Release|Any CPU = Release|Any CPU
	EndGlobalSection
	GlobalSection(ProjectConfigurationPlatforms) = postSolution
		{2AE71C3B-9519-4BEB-9817-B4D6331928CB}.Debug|Any CPU.ActiveCfg = Debug|Any CPU
		{2AE71C3B-9519-4BEB-9817-B4D6331928CB}.Debug|Any CPU.Build.0 = Debug|Any CPU
		{2AE71C3B-9519-4BEB-9817-B4D6331928CB}.Release|Any CPU.ActiveCfg = Release|Any CPU
		{2AE71C3B-9519-4BEB-9817-B4D6331928CB}.Release|Any CPU.Build.0 = Release|Any CPU
		{A50A13C6-E685-4EB3-A0BA-E303BD172B74}.Debug|Any CPU.ActiveCfg = Debug|Any CPU
		{A50A13C6-E685-4EB3-A0BA-E303BD172B74}.Debug|Any CPU.Build.0 = Debug|Any CPU
		{A50A13C6-E685-4EB3-A0BA-E303BD172B74}.Release|Any CPU.ActiveCfg = Release|Any CPU
		{A50A13C6-E685-4EB3-A0BA-E303BD172B74}.Release|Any CPU.Build.0 = Release|Any CPU
		{AF1285F5-9F68-4D8B-8539-4E41171EEA38}.Debug|Any CPU.ActiveCfg = Debug|Any CPU
		{AF1285F5-9F68-4D8B-8539-4E41171EEA38}.Debug|Any CPU.Build.0 = Debug|Any CPU
		{AF1285F5-9F68-4D8B-8539-4E41171EEA38}.Release|Any CPU.ActiveCfg = Release|Any CPU
		{AF1285F5-9F68-4D8B-8539-4E41171EEA38}.Release|Any CPU.Build.0 = Release|Any CPU
	EndGlobalSection
	GlobalSection(SolutionProperties) = preSolution
		HideSolutionNode = FALSE
	EndGlobalSection
	GlobalSection(ExtensibilityGlobals) = postSolution
		SolutionGuid = {032A30D1-B020-4147-B48A-A06397475F33}
	EndGlobalSection
EndGlobal
